
Microsoft Visual Studio Solution File, Format Version 12.00
# Visual Studio Version 17
VisualStudioVersion = 17.14.36616.10 d17.14
MinimumVisualStudioVersion = 10.0.40219.1
Project("{FAE04EC0-301F-11D3-BF4B-00C04F79EFBC}") = "Mobiread", "Mobiread.csproj", "{61D62C16-E6D2-4A34-BEC9-FF5713EAAC7C}"
EndProject
Global
	GlobalSection(SolutionConfigurationPlatforms) = preSolution
		Debug|Any CPU = Debug|Any CPU
		Release|Any CPU = Release|Any CPU
	EndGlobalSection
	GlobalSection(ProjectConfigurationPlatforms) = postSolution
		{61D62C16-E6D2-4A34-BEC9-FF5713EAAC7C}.Debug|Any CPU.ActiveCfg = Debug|Any CPU
		{61D62C16-E6D2-4A34-BEC9-FF5713EAAC7C}.Debug|Any CPU.Build.0 = Debug|Any CPU
		{61D62C16-E6D2-4A34-BEC9-FF5713EAAC7C}.Release|Any CPU.ActiveCfg = Release|Any CPU
		{61D62C16-E6D2-4A34-BEC9-FF5713EAAC7C}.Release|Any CPU.Build.0 = Release|Any CPU
	EndGlobalSection
	GlobalSection(SolutionProperties) = preSolution
		HideSolutionNode = FALSE
	EndGlobalSection
	GlobalSection(ExtensibilityGlobals) = postSolution
		SolutionGuid = {14971E8D-A7AB-4C8C-A494-1DE1ECE607DC}
	EndGlobalSection
EndGlobal
